// !$*UTF8*$!
{
	archiveVersion = 1;
	classes = {
	};
	objectVersion = 46;
	objects = {

/* Begin PBXBuildFile section */
		46B0F7071DE419C400BEB69F /* StyleGuide.swift in Sources */ = {isa = PBXBuildFile; fileRef = 46B0F7061DE419C400BEB69F /* StyleGuide.swift */; };
		46B0F7091DE42D6500BEB69F /* NegativeButton.swift in Sources */ = {isa = PBXBuildFile; fileRef = 46B0F7081DE42D6500BEB69F /* NegativeButton.swift */; };
		46B0F70B1DE42D8100BEB69F /* LinkButton.swift in Sources */ = {isa = PBXBuildFile; fileRef = 46B0F70A1DE42D8100BEB69F /* LinkButton.swift */; };
		46B0F7151DE431F900BEB69F /* Nori.framework in Frameworks */ = {isa = PBXBuildFile; fileRef = 46BDBEA51DE3F25B00CD7963 /* Nori.framework */; };
		46B0F71C1DE4325000BEB69F /* ViewStyleTests.swift in Sources */ = {isa = PBXBuildFile; fileRef = 46B0F71B1DE4325000BEB69F /* ViewStyleTests.swift */; };
		46B0F71E1DE4364D00BEB69F /* LabelStyleTests.swift in Sources */ = {isa = PBXBuildFile; fileRef = 46B0F71D1DE4364D00BEB69F /* LabelStyleTests.swift */; };
		46B8316F1DE6640C00F64487 /* BorderStyleTests.swift in Sources */ = {isa = PBXBuildFile; fileRef = 46B8316E1DE6640C00F64487 /* BorderStyleTests.swift */; };
		46BDBEAA1DE3F25B00CD7963 /* Nori.h in Headers */ = {isa = PBXBuildFile; fileRef = 46BDBEA81DE3F25B00CD7963 /* Nori.h */; settings = {ATTRIBUTES = (Public, ); }; };
		46BDBEBB1DE3F39400CD7963 /* ViewStyle.swift in Sources */ = {isa = PBXBuildFile; fileRef = 46BDBEB91DE3F39400CD7963 /* ViewStyle.swift */; };
		46BDBEBD1DE3F3A300CD7963 /* BorderStyle.swift in Sources */ = {isa = PBXBuildFile; fileRef = 46BDBEBC1DE3F3A300CD7963 /* BorderStyle.swift */; };
		46BDBEBF1DE3F3CD00CD7963 /* ShadowStyle.swift in Sources */ = {isa = PBXBuildFile; fileRef = 46BDBEBE1DE3F3CD00CD7963 /* ShadowStyle.swift */; };
		46BDBEC11DE3F3FD00CD7963 /* ImageViewStyle.swift in Sources */ = {isa = PBXBuildFile; fileRef = 46BDBEC01DE3F3FD00CD7963 /* ImageViewStyle.swift */; };
		46BDBEC31DE3F41300CD7963 /* LableStyle.swift in Sources */ = {isa = PBXBuildFile; fileRef = 46BDBEC21DE3F41300CD7963 /* LableStyle.swift */; };
		46BDBEC51DE3F42600CD7963 /* TextFieldStyle.swift in Sources */ = {isa = PBXBuildFile; fileRef = 46BDBEC41DE3F42600CD7963 /* TextFieldStyle.swift */; };
		46BDBEC71DE3F45700CD7963 /* SwitchStyle.swift in Sources */ = {isa = PBXBuildFile; fileRef = 46BDBEC61DE3F45700CD7963 /* SwitchStyle.swift */; };
		46BDBEC91DE3F46800CD7963 /* ButtonStyle.swift in Sources */ = {isa = PBXBuildFile; fileRef = 46BDBEC81DE3F46800CD7963 /* ButtonStyle.swift */; };
		46BDBECC1DE3F4F800CD7963 /* UIView+Nori.swift in Sources */ = {isa = PBXBuildFile; fileRef = 46BDBECB1DE3F4F800CD7963 /* UIView+Nori.swift */; };
		46BDBECE1DE3F52100CD7963 /* Operators.swift in Sources */ = {isa = PBXBuildFile; fileRef = 46BDBECD1DE3F52100CD7963 /* Operators.swift */; };
		46BDBED01DE3F5BE00CD7963 /* UIButton+Nori.swift in Sources */ = {isa = PBXBuildFile; fileRef = 46BDBECF1DE3F5BE00CD7963 /* UIButton+Nori.swift */; };
		46BDBED31DE3F66400CD7963 /* StyleableView.swift in Sources */ = {isa = PBXBuildFile; fileRef = 46BDBED21DE3F66400CD7963 /* StyleableView.swift */; };
		46BDBED51DE3F6A700CD7963 /* UIImageView+Nori.swift in Sources */ = {isa = PBXBuildFile; fileRef = 46BDBED41DE3F6A700CD7963 /* UIImageView+Nori.swift */; };
		46BDBED71DE3F6DF00CD7963 /* UILabel+Nori.swift in Sources */ = {isa = PBXBuildFile; fileRef = 46BDBED61DE3F6DF00CD7963 /* UILabel+Nori.swift */; };
		46BDBED91DE3F74400CD7963 /* UITextField+Nori.swift in Sources */ = {isa = PBXBuildFile; fileRef = 46BDBED81DE3F74400CD7963 /* UITextField+Nori.swift */; };
		46BDBEDB1DE3F76F00CD7963 /* UISwitch+Nori.swift in Sources */ = {isa = PBXBuildFile; fileRef = 46BDBEDA1DE3F76F00CD7963 /* UISwitch+Nori.swift */; };
		46BDBEDD1DE3F79000CD7963 /* StyleableButton.swift in Sources */ = {isa = PBXBuildFile; fileRef = 46BDBEDC1DE3F79000CD7963 /* StyleableButton.swift */; };
		46BDBEDF1DE3F7E600CD7963 /* StyleableImageView.swift in Sources */ = {isa = PBXBuildFile; fileRef = 46BDBEDE1DE3F7E600CD7963 /* StyleableImageView.swift */; };
		46BDBEE11DE3F81A00CD7963 /* StyleableLabel.swift in Sources */ = {isa = PBXBuildFile; fileRef = 46BDBEE01DE3F81A00CD7963 /* StyleableLabel.swift */; };
		46BDBEE31DE3F89200CD7963 /* StyleableTextField.swift in Sources */ = {isa = PBXBuildFile; fileRef = 46BDBEE21DE3F89200CD7963 /* StyleableTextField.swift */; };
		46BDBEE51DE3F8DC00CD7963 /* StyleableSwitch.swift in Sources */ = {isa = PBXBuildFile; fileRef = 46BDBEE41DE3F8DC00CD7963 /* StyleableSwitch.swift */; };
		46BDBEED1DE3F9C700CD7963 /* AppDelegate.swift in Sources */ = {isa = PBXBuildFile; fileRef = 46BDBEEC1DE3F9C700CD7963 /* AppDelegate.swift */; };
		46BDBEEF1DE3F9C700CD7963 /* ViewController.swift in Sources */ = {isa = PBXBuildFile; fileRef = 46BDBEEE1DE3F9C700CD7963 /* ViewController.swift */; };
		46BDBEF21DE3F9C700CD7963 /* Main.storyboard in Resources */ = {isa = PBXBuildFile; fileRef = 46BDBEF01DE3F9C700CD7963 /* Main.storyboard */; };
		46BDBEF41DE3F9C700CD7963 /* Assets.xcassets in Resources */ = {isa = PBXBuildFile; fileRef = 46BDBEF31DE3F9C700CD7963 /* Assets.xcassets */; };
		46BDBEF71DE3F9C700CD7963 /* LaunchScreen.storyboard in Resources */ = {isa = PBXBuildFile; fileRef = 46BDBEF51DE3F9C700CD7963 /* LaunchScreen.storyboard */; };
		46BDBF051DE3FA6600CD7963 /* PositiveButton.swift in Sources */ = {isa = PBXBuildFile; fileRef = 46BDBF031DE3FA6600CD7963 /* PositiveButton.swift */; };
		46BDBF071DE3FA7400CD7963 /* LargeLabel.swift in Sources */ = {isa = PBXBuildFile; fileRef = 46BDBF061DE3FA7400CD7963 /* LargeLabel.swift */; };
		46BDBF091DE3FA8100CD7963 /* MediumLabel.swift in Sources */ = {isa = PBXBuildFile; fileRef = 46BDBF081DE3FA8100CD7963 /* MediumLabel.swift */; };
		46BDBF0B1DE3FA8C00CD7963 /* SmallLabel.swift in Sources */ = {isa = PBXBuildFile; fileRef = 46BDBF0A1DE3FA8C00CD7963 /* SmallLabel.swift */; };
/* End PBXBuildFile section */

/* Begin PBXContainerItemProxy section */
		466B8D191DE4090700996557 /* PBXContainerItemProxy */ = {
			isa = PBXContainerItemProxy;
			containerPortal = 46BDBE9C1DE3F25B00CD7963 /* Project object */;
			proxyType = 1;
			remoteGlobalIDString = 46BDBEA41DE3F25B00CD7963;
			remoteInfo = Nori;
		};
		46B0F7161DE431F900BEB69F /* PBXContainerItemProxy */ = {
			isa = PBXContainerItemProxy;
			containerPortal = 46BDBE9C1DE3F25B00CD7963 /* Project object */;
			proxyType = 1;
			remoteGlobalIDString = 46BDBEA41DE3F25B00CD7963;
			remoteInfo = Nori;
		};
/* End PBXContainerItemProxy section */

/* Begin PBXFileReference section */
		46B0F7061DE419C400BEB69F /* StyleGuide.swift */ = {isa = PBXFileReference; fileEncoding = 4; lastKnownFileType = sourcecode.swift; path = StyleGuide.swift; sourceTree = "<group>"; };
		46B0F7081DE42D6500BEB69F /* NegativeButton.swift */ = {isa = PBXFileReference; fileEncoding = 4; lastKnownFileType = sourcecode.swift; path = NegativeButton.swift; sourceTree = "<group>"; };
		46B0F70A1DE42D8100BEB69F /* LinkButton.swift */ = {isa = PBXFileReference; fileEncoding = 4; lastKnownFileType = sourcecode.swift; path = LinkButton.swift; sourceTree = "<group>"; };
		46B0F7101DE431F900BEB69F /* NoriTests.xctest */ = {isa = PBXFileReference; explicitFileType = wrapper.cfbundle; includeInIndex = 0; path = NoriTests.xctest; sourceTree = BUILT_PRODUCTS_DIR; };
		46B0F7141DE431F900BEB69F /* Info.plist */ = {isa = PBXFileReference; lastKnownFileType = text.plist.xml; path = Info.plist; sourceTree = "<group>"; };
		46B0F71B1DE4325000BEB69F /* ViewStyleTests.swift */ = {isa = PBXFileReference; fileEncoding = 4; lastKnownFileType = sourcecode.swift; path = ViewStyleTests.swift; sourceTree = "<group>"; };
		46B0F71D1DE4364D00BEB69F /* LabelStyleTests.swift */ = {isa = PBXFileReference; fileEncoding = 4; lastKnownFileType = sourcecode.swift; path = LabelStyleTests.swift; sourceTree = "<group>"; };
		46B8316E1DE6640C00F64487 /* BorderStyleTests.swift */ = {isa = PBXFileReference; fileEncoding = 4; lastKnownFileType = sourcecode.swift; path = BorderStyleTests.swift; sourceTree = "<group>"; };
		46BDBEA51DE3F25B00CD7963 /* Nori.framework */ = {isa = PBXFileReference; explicitFileType = wrapper.framework; includeInIndex = 0; path = Nori.framework; sourceTree = BUILT_PRODUCTS_DIR; };
		46BDBEA81DE3F25B00CD7963 /* Nori.h */ = {isa = PBXFileReference; lastKnownFileType = sourcecode.c.h; path = Nori.h; sourceTree = "<group>"; };
		46BDBEA91DE3F25B00CD7963 /* Info.plist */ = {isa = PBXFileReference; lastKnownFileType = text.plist.xml; path = Info.plist; sourceTree = "<group>"; };
		46BDBEB91DE3F39400CD7963 /* ViewStyle.swift */ = {isa = PBXFileReference; fileEncoding = 4; lastKnownFileType = sourcecode.swift; path = ViewStyle.swift; sourceTree = "<group>"; };
		46BDBEBC1DE3F3A300CD7963 /* BorderStyle.swift */ = {isa = PBXFileReference; fileEncoding = 4; lastKnownFileType = sourcecode.swift; path = BorderStyle.swift; sourceTree = "<group>"; };
		46BDBEBE1DE3F3CD00CD7963 /* ShadowStyle.swift */ = {isa = PBXFileReference; fileEncoding = 4; lastKnownFileType = sourcecode.swift; path = ShadowStyle.swift; sourceTree = "<group>"; };
		46BDBEC01DE3F3FD00CD7963 /* ImageViewStyle.swift */ = {isa = PBXFileReference; fileEncoding = 4; lastKnownFileType = sourcecode.swift; path = ImageViewStyle.swift; sourceTree = "<group>"; };
		46BDBEC21DE3F41300CD7963 /* LableStyle.swift */ = {isa = PBXFileReference; fileEncoding = 4; lastKnownFileType = sourcecode.swift; path = LableStyle.swift; sourceTree = "<group>"; };
		46BDBEC41DE3F42600CD7963 /* TextFieldStyle.swift */ = {isa = PBXFileReference; fileEncoding = 4; lastKnownFileType = sourcecode.swift; path = TextFieldStyle.swift; sourceTree = "<group>"; };
		46BDBEC61DE3F45700CD7963 /* SwitchStyle.swift */ = {isa = PBXFileReference; fileEncoding = 4; lastKnownFileType = sourcecode.swift; path = SwitchStyle.swift; sourceTree = "<group>"; };
		46BDBEC81DE3F46800CD7963 /* ButtonStyle.swift */ = {isa = PBXFileReference; fileEncoding = 4; lastKnownFileType = sourcecode.swift; path = ButtonStyle.swift; sourceTree = "<group>"; };
		46BDBECB1DE3F4F800CD7963 /* UIView+Nori.swift */ = {isa = PBXFileReference; fileEncoding = 4; lastKnownFileType = sourcecode.swift; path = "UIView+Nori.swift"; sourceTree = "<group>"; };
		46BDBECD1DE3F52100CD7963 /* Operators.swift */ = {isa = PBXFileReference; fileEncoding = 4; lastKnownFileType = sourcecode.swift; path = Operators.swift; sourceTree = "<group>"; };
		46BDBECF1DE3F5BE00CD7963 /* UIButton+Nori.swift */ = {isa = PBXFileReference; fileEncoding = 4; lastKnownFileType = sourcecode.swift; path = "UIButton+Nori.swift"; sourceTree = "<group>"; };
		46BDBED21DE3F66400CD7963 /* StyleableView.swift */ = {isa = PBXFileReference; fileEncoding = 4; lastKnownFileType = sourcecode.swift; path = StyleableView.swift; sourceTree = "<group>"; };
		46BDBED41DE3F6A700CD7963 /* UIImageView+Nori.swift */ = {isa = PBXFileReference; fileEncoding = 4; lastKnownFileType = sourcecode.swift; path = "UIImageView+Nori.swift"; sourceTree = "<group>"; };
		46BDBED61DE3F6DF00CD7963 /* UILabel+Nori.swift */ = {isa = PBXFileReference; fileEncoding = 4; lastKnownFileType = sourcecode.swift; path = "UILabel+Nori.swift"; sourceTree = "<group>"; };
		46BDBED81DE3F74400CD7963 /* UITextField+Nori.swift */ = {isa = PBXFileReference; fileEncoding = 4; lastKnownFileType = sourcecode.swift; path = "UITextField+Nori.swift"; sourceTree = "<group>"; };
		46BDBEDA1DE3F76F00CD7963 /* UISwitch+Nori.swift */ = {isa = PBXFileReference; fileEncoding = 4; lastKnownFileType = sourcecode.swift; path = "UISwitch+Nori.swift"; sourceTree = "<group>"; };
		46BDBEDC1DE3F79000CD7963 /* StyleableButton.swift */ = {isa = PBXFileReference; fileEncoding = 4; lastKnownFileType = sourcecode.swift; path = StyleableButton.swift; sourceTree = "<group>"; };
		46BDBEDE1DE3F7E600CD7963 /* StyleableImageView.swift */ = {isa = PBXFileReference; fileEncoding = 4; lastKnownFileType = sourcecode.swift; path = StyleableImageView.swift; sourceTree = "<group>"; };
		46BDBEE01DE3F81A00CD7963 /* StyleableLabel.swift */ = {isa = PBXFileReference; fileEncoding = 4; lastKnownFileType = sourcecode.swift; path = StyleableLabel.swift; sourceTree = "<group>"; };
		46BDBEE21DE3F89200CD7963 /* StyleableTextField.swift */ = {isa = PBXFileReference; fileEncoding = 4; lastKnownFileType = sourcecode.swift; path = StyleableTextField.swift; sourceTree = "<group>"; };
		46BDBEE41DE3F8DC00CD7963 /* StyleableSwitch.swift */ = {isa = PBXFileReference; fileEncoding = 4; lastKnownFileType = sourcecode.swift; path = StyleableSwitch.swift; sourceTree = "<group>"; };
		46BDBEEA1DE3F9C700CD7963 /* NoriExample.app */ = {isa = PBXFileReference; explicitFileType = wrapper.application; includeInIndex = 0; path = NoriExample.app; sourceTree = BUILT_PRODUCTS_DIR; };
		46BDBEEC1DE3F9C700CD7963 /* AppDelegate.swift */ = {isa = PBXFileReference; lastKnownFileType = sourcecode.swift; path = AppDelegate.swift; sourceTree = "<group>"; };
		46BDBEEE1DE3F9C700CD7963 /* ViewController.swift */ = {isa = PBXFileReference; lastKnownFileType = sourcecode.swift; path = ViewController.swift; sourceTree = "<group>"; };
		46BDBEF11DE3F9C700CD7963 /* Base */ = {isa = PBXFileReference; lastKnownFileType = file.storyboard; name = Base; path = Base.lproj/Main.storyboard; sourceTree = "<group>"; };
		46BDBEF31DE3F9C700CD7963 /* Assets.xcassets */ = {isa = PBXFileReference; lastKnownFileType = folder.assetcatalog; path = Assets.xcassets; sourceTree = "<group>"; };
		46BDBEF61DE3F9C700CD7963 /* Base */ = {isa = PBXFileReference; lastKnownFileType = file.storyboard; name = Base; path = Base.lproj/LaunchScreen.storyboard; sourceTree = "<group>"; };
		46BDBEF81DE3F9C700CD7963 /* Info.plist */ = {isa = PBXFileReference; lastKnownFileType = text.plist.xml; path = Info.plist; sourceTree = "<group>"; };
		46BDBF031DE3FA6600CD7963 /* PositiveButton.swift */ = {isa = PBXFileReference; fileEncoding = 4; lastKnownFileType = sourcecode.swift; path = PositiveButton.swift; sourceTree = "<group>"; };
		46BDBF061DE3FA7400CD7963 /* LargeLabel.swift */ = {isa = PBXFileReference; fileEncoding = 4; lastKnownFileType = sourcecode.swift; path = LargeLabel.swift; sourceTree = "<group>"; };
		46BDBF081DE3FA8100CD7963 /* MediumLabel.swift */ = {isa = PBXFileReference; fileEncoding = 4; lastKnownFileType = sourcecode.swift; path = MediumLabel.swift; sourceTree = "<group>"; };
		46BDBF0A1DE3FA8C00CD7963 /* SmallLabel.swift */ = {isa = PBXFileReference; fileEncoding = 4; lastKnownFileType = sourcecode.swift; path = SmallLabel.swift; sourceTree = "<group>"; };
/* End PBXFileReference section */

/* Begin PBXFrameworksBuildPhase section */
		46B0F70D1DE431F900BEB69F /* Frameworks */ = {
			isa = PBXFrameworksBuildPhase;
			buildActionMask = 2147483647;
			files = (
				46B0F7151DE431F900BEB69F /* Nori.framework in Frameworks */,
			);
			runOnlyForDeploymentPostprocessing = 0;
		};
		46BDBEA11DE3F25B00CD7963 /* Frameworks */ = {
			isa = PBXFrameworksBuildPhase;
			buildActionMask = 2147483647;
			files = (
			);
			runOnlyForDeploymentPostprocessing = 0;
		};
		46BDBEE71DE3F9C700CD7963 /* Frameworks */ = {
			isa = PBXFrameworksBuildPhase;
			buildActionMask = 2147483647;
			files = (
			);
			runOnlyForDeploymentPostprocessing = 0;
		};
/* End PBXFrameworksBuildPhase section */

/* Begin PBXGroup section */
		46B0F7111DE431F900BEB69F /* NoriTests */ = {
			isa = PBXGroup;
			children = (
				46B0F7141DE431F900BEB69F /* Info.plist */,
				46B0F71B1DE4325000BEB69F /* ViewStyleTests.swift */,
				46B0F71D1DE4364D00BEB69F /* LabelStyleTests.swift */,
				46B8316E1DE6640C00F64487 /* BorderStyleTests.swift */,
			);
			path = NoriTests;
			sourceTree = "<group>";
		};
		46BDBE9B1DE3F25B00CD7963 = {
			isa = PBXGroup;
			children = (
				46BDBEB01DE3F27A00CD7963 /* Sources */,
				46BDBEA71DE3F25B00CD7963 /* Nori */,
				46BDBEEB1DE3F9C700CD7963 /* NoriExample */,
				46B0F7111DE431F900BEB69F /* NoriTests */,
				46BDBEA61DE3F25B00CD7963 /* Products */,
			);
			sourceTree = "<group>";
		};
		46BDBEA61DE3F25B00CD7963 /* Products */ = {
			isa = PBXGroup;
			children = (
				46BDBEA51DE3F25B00CD7963 /* Nori.framework */,
				46BDBEEA1DE3F9C700CD7963 /* NoriExample.app */,
				46B0F7101DE431F900BEB69F /* NoriTests.xctest */,
			);
			name = Products;
			sourceTree = "<group>";
		};
		46BDBEA71DE3F25B00CD7963 /* Nori */ = {
			isa = PBXGroup;
			children = (
				46BDBEA81DE3F25B00CD7963 /* Nori.h */,
				46BDBEA91DE3F25B00CD7963 /* Info.plist */,
			);
			path = Nori;
			sourceTree = "<group>";
		};
		46BDBEB01DE3F27A00CD7963 /* Sources */ = {
			isa = PBXGroup;
			children = (
				46BDBECA1DE3F4ED00CD7963 /* UIKit */,
				46BDBED11DE3F64600CD7963 /* CustomViews */,
				46BDBEB71DE3F38400CD7963 /* Styles */,
				46BDBECD1DE3F52100CD7963 /* Operators.swift */,
			);
			path = Sources;
			sourceTree = "<group>";
		};
		46BDBEB71DE3F38400CD7963 /* Styles */ = {
			isa = PBXGroup;
			children = (
				46BDBEBC1DE3F3A300CD7963 /* BorderStyle.swift */,
				46BDBEBE1DE3F3CD00CD7963 /* ShadowStyle.swift */,
				46BDBEB91DE3F39400CD7963 /* ViewStyle.swift */,
				46BDBEC81DE3F46800CD7963 /* ButtonStyle.swift */,
				46BDBEC01DE3F3FD00CD7963 /* ImageViewStyle.swift */,
				46BDBEC21DE3F41300CD7963 /* LableStyle.swift */,
				46BDBEC41DE3F42600CD7963 /* TextFieldStyle.swift */,
				46BDBEC61DE3F45700CD7963 /* SwitchStyle.swift */,
			);
			path = Styles;
			sourceTree = "<group>";
		};
		46BDBECA1DE3F4ED00CD7963 /* UIKit */ = {
			isa = PBXGroup;
			children = (
				46BDBECB1DE3F4F800CD7963 /* UIView+Nori.swift */,
				46BDBECF1DE3F5BE00CD7963 /* UIButton+Nori.swift */,
				46BDBED41DE3F6A700CD7963 /* UIImageView+Nori.swift */,
				46BDBED61DE3F6DF00CD7963 /* UILabel+Nori.swift */,
				46BDBED81DE3F74400CD7963 /* UITextField+Nori.swift */,
				46BDBEDA1DE3F76F00CD7963 /* UISwitch+Nori.swift */,
			);
			path = UIKit;
			sourceTree = "<group>";
		};
		46BDBED11DE3F64600CD7963 /* CustomViews */ = {
			isa = PBXGroup;
			children = (
				46BDBED21DE3F66400CD7963 /* StyleableView.swift */,
				46BDBEDC1DE3F79000CD7963 /* StyleableButton.swift */,
				46BDBEDE1DE3F7E600CD7963 /* StyleableImageView.swift */,
				46BDBEE01DE3F81A00CD7963 /* StyleableLabel.swift */,
				46BDBEE21DE3F89200CD7963 /* StyleableTextField.swift */,
				46BDBEE41DE3F8DC00CD7963 /* StyleableSwitch.swift */,
			);
			path = CustomViews;
			sourceTree = "<group>";
		};
		46BDBEEB1DE3F9C700CD7963 /* NoriExample */ = {
			isa = PBXGroup;
			children = (
				46BDBF011DE3FA6600CD7963 /* Components */,
				46BDBEEC1DE3F9C700CD7963 /* AppDelegate.swift */,
				46BDBEEE1DE3F9C700CD7963 /* ViewController.swift */,
				46BDBEF01DE3F9C700CD7963 /* Main.storyboard */,
				46BDBEF31DE3F9C700CD7963 /* Assets.xcassets */,
				46BDBEF51DE3F9C700CD7963 /* LaunchScreen.storyboard */,
				46BDBEF81DE3F9C700CD7963 /* Info.plist */,
			);
			path = NoriExample;
			sourceTree = "<group>";
		};
		46BDBF011DE3FA6600CD7963 /* Components */ = {
			isa = PBXGroup;
			children = (
				46B0F7061DE419C400BEB69F /* StyleGuide.swift */,
				46BDBF021DE3FA6600CD7963 /* Buttons */,
				46BDBF041DE3FA6600CD7963 /* Labels */,
			);
			path = Components;
			sourceTree = "<group>";
		};
		46BDBF021DE3FA6600CD7963 /* Buttons */ = {
			isa = PBXGroup;
			children = (
				46BDBF031DE3FA6600CD7963 /* PositiveButton.swift */,
				46B0F7081DE42D6500BEB69F /* NegativeButton.swift */,
				46B0F70A1DE42D8100BEB69F /* LinkButton.swift */,
			);
			path = Buttons;
			sourceTree = "<group>";
		};
		46BDBF041DE3FA6600CD7963 /* Labels */ = {
			isa = PBXGroup;
			children = (
				46BDBF061DE3FA7400CD7963 /* LargeLabel.swift */,
				46BDBF081DE3FA8100CD7963 /* MediumLabel.swift */,
				46BDBF0A1DE3FA8C00CD7963 /* SmallLabel.swift */,
			);
			path = Labels;
			sourceTree = "<group>";
		};
/* End PBXGroup section */

/* Begin PBXHeadersBuildPhase section */
		46BDBEA21DE3F25B00CD7963 /* Headers */ = {
			isa = PBXHeadersBuildPhase;
			buildActionMask = 2147483647;
			files = (
				46BDBEAA1DE3F25B00CD7963 /* Nori.h in Headers */,
			);
			runOnlyForDeploymentPostprocessing = 0;
		};
/* End PBXHeadersBuildPhase section */

/* Begin PBXNativeTarget section */
		46B0F70F1DE431F900BEB69F /* NoriTests */ = {
			isa = PBXNativeTarget;
			buildConfigurationList = 46B0F7181DE431F900BEB69F /* Build configuration list for PBXNativeTarget "NoriTests" */;
			buildPhases = (
				46B0F70C1DE431F900BEB69F /* Sources */,
				46B0F70D1DE431F900BEB69F /* Frameworks */,
				46B0F70E1DE431F900BEB69F /* Resources */,
			);
			buildRules = (
			);
			dependencies = (
				46B0F7171DE431F900BEB69F /* PBXTargetDependency */,
			);
			name = NoriTests;
			productName = NoriTests;
			productReference = 46B0F7101DE431F900BEB69F /* NoriTests.xctest */;
			productType = "com.apple.product-type.bundle.unit-test";
		};
		46BDBEA41DE3F25B00CD7963 /* Nori */ = {
			isa = PBXNativeTarget;
			buildConfigurationList = 46BDBEAD1DE3F25B00CD7963 /* Build configuration list for PBXNativeTarget "Nori" */;
			buildPhases = (
				46BDBEA01DE3F25B00CD7963 /* Sources */,
				46BDBEA11DE3F25B00CD7963 /* Frameworks */,
				46BDBEA21DE3F25B00CD7963 /* Headers */,
				46BDBEA31DE3F25B00CD7963 /* Resources */,
			);
			buildRules = (
			);
			dependencies = (
			);
			name = Nori;
			productName = Nori;
			productReference = 46BDBEA51DE3F25B00CD7963 /* Nori.framework */;
			productType = "com.apple.product-type.framework";
		};
		46BDBEE91DE3F9C700CD7963 /* NoriExample */ = {
			isa = PBXNativeTarget;
			buildConfigurationList = 46BDBEF91DE3F9C700CD7963 /* Build configuration list for PBXNativeTarget "NoriExample" */;
			buildPhases = (
				46BDBEE61DE3F9C700CD7963 /* Sources */,
				46BDBEE71DE3F9C700CD7963 /* Frameworks */,
				46BDBEE81DE3F9C700CD7963 /* Resources */,
			);
			buildRules = (
			);
			dependencies = (
				466B8D1A1DE4090700996557 /* PBXTargetDependency */,
			);
			name = NoriExample;
			productName = NoriExample;
			productReference = 46BDBEEA1DE3F9C700CD7963 /* NoriExample.app */;
			productType = "com.apple.product-type.application";
		};
/* End PBXNativeTarget section */

/* Begin PBXProject section */
		46BDBE9C1DE3F25B00CD7963 /* Project object */ = {
			isa = PBXProject;
			attributes = {
				LastSwiftUpdateCheck = 0810;
				LastUpgradeCheck = 0810;
				ORGANIZATIONNAME = yukiasai;
				TargetAttributes = {
					46B0F70F1DE431F900BEB69F = {
						CreatedOnToolsVersion = 8.1;
						DevelopmentTeam = NRUDQDRGJZ;
						ProvisioningStyle = Automatic;
					};
					46BDBEA41DE3F25B00CD7963 = {
						CreatedOnToolsVersion = 8.1;
						DevelopmentTeam = NRUDQDRGJZ;
						LastSwiftMigration = 0810;
						ProvisioningStyle = Automatic;
					};
					46BDBEE91DE3F9C700CD7963 = {
						CreatedOnToolsVersion = 8.1;
						DevelopmentTeam = NRUDQDRGJZ;
						ProvisioningStyle = Automatic;
					};
				};
			};
			buildConfigurationList = 46BDBE9F1DE3F25B00CD7963 /* Build configuration list for PBXProject "Nori" */;
			compatibilityVersion = "Xcode 3.2";
			developmentRegion = English;
			hasScannedForEncodings = 0;
			knownRegions = (
				en,
				Base,
			);
			mainGroup = 46BDBE9B1DE3F25B00CD7963;
			productRefGroup = 46BDBEA61DE3F25B00CD7963 /* Products */;
			projectDirPath = "";
			projectRoot = "";
			targets = (
				46BDBEA41DE3F25B00CD7963 /* Nori */,
				46BDBEE91DE3F9C700CD7963 /* NoriExample */,
				46B0F70F1DE431F900BEB69F /* NoriTests */,
			);
		};
/* End PBXProject section */

/* Begin PBXResourcesBuildPhase section */
		46B0F70E1DE431F900BEB69F /* Resources */ = {
			isa = PBXResourcesBuildPhase;
			buildActionMask = 2147483647;
			files = (
			);
			runOnlyForDeploymentPostprocessing = 0;
		};
		46BDBEA31DE3F25B00CD7963 /* Resources */ = {
			isa = PBXResourcesBuildPhase;
			buildActionMask = 2147483647;
			files = (
			);
			runOnlyForDeploymentPostprocessing = 0;
		};
		46BDBEE81DE3F9C700CD7963 /* Resources */ = {
			isa = PBXResourcesBuildPhase;
			buildActionMask = 2147483647;
			files = (
				46BDBEF71DE3F9C700CD7963 /* LaunchScreen.storyboard in Resources */,
				46BDBEF41DE3F9C700CD7963 /* Assets.xcassets in Resources */,
				46BDBEF21DE3F9C700CD7963 /* Main.storyboard in Resources */,
			);
			runOnlyForDeploymentPostprocessing = 0;
		};
/* End PBXResourcesBuildPhase section */

/* Begin PBXSourcesBuildPhase section */
		46B0F70C1DE431F900BEB69F /* Sources */ = {
			isa = PBXSourcesBuildPhase;
			buildActionMask = 2147483647;
			files = (
				46B0F71C1DE4325000BEB69F /* ViewStyleTests.swift in Sources */,
				46B8316F1DE6640C00F64487 /* BorderStyleTests.swift in Sources */,
				46B0F71E1DE4364D00BEB69F /* LabelStyleTests.swift in Sources */,
			);
			runOnlyForDeploymentPostprocessing = 0;
		};
		46BDBEA01DE3F25B00CD7963 /* Sources */ = {
			isa = PBXSourcesBuildPhase;
			buildActionMask = 2147483647;
			files = (
				46BDBEC11DE3F3FD00CD7963 /* ImageViewStyle.swift in Sources */,
				46BDBEDD1DE3F79000CD7963 /* StyleableButton.swift in Sources */,
				46BDBEC71DE3F45700CD7963 /* SwitchStyle.swift in Sources */,
				46BDBECC1DE3F4F800CD7963 /* UIView+Nori.swift in Sources */,
				46BDBEC51DE3F42600CD7963 /* TextFieldStyle.swift in Sources */,
				46BDBEC91DE3F46800CD7963 /* ButtonStyle.swift in Sources */,
				46BDBEBB1DE3F39400CD7963 /* ViewStyle.swift in Sources */,
				46BDBEE31DE3F89200CD7963 /* StyleableTextField.swift in Sources */,
				46BDBEDB1DE3F76F00CD7963 /* UISwitch+Nori.swift in Sources */,
				46BDBEE11DE3F81A00CD7963 /* StyleableLabel.swift in Sources */,
				46BDBECE1DE3F52100CD7963 /* Operators.swift in Sources */,
				46BDBEE51DE3F8DC00CD7963 /* StyleableSwitch.swift in Sources */,
				46BDBED01DE3F5BE00CD7963 /* UIButton+Nori.swift in Sources */,
				46BDBEBF1DE3F3CD00CD7963 /* ShadowStyle.swift in Sources */,
				46BDBED51DE3F6A700CD7963 /* UIImageView+Nori.swift in Sources */,
				46BDBED91DE3F74400CD7963 /* UITextField+Nori.swift in Sources */,
				46BDBEBD1DE3F3A300CD7963 /* BorderStyle.swift in Sources */,
				46BDBED71DE3F6DF00CD7963 /* UILabel+Nori.swift in Sources */,
				46BDBEDF1DE3F7E600CD7963 /* StyleableImageView.swift in Sources */,
				46BDBED31DE3F66400CD7963 /* StyleableView.swift in Sources */,
				46BDBEC31DE3F41300CD7963 /* LableStyle.swift in Sources */,
			);
			runOnlyForDeploymentPostprocessing = 0;
		};
		46BDBEE61DE3F9C700CD7963 /* Sources */ = {
			isa = PBXSourcesBuildPhase;
			buildActionMask = 2147483647;
			files = (
				46B0F7071DE419C400BEB69F /* StyleGuide.swift in Sources */,
				46BDBF051DE3FA6600CD7963 /* PositiveButton.swift in Sources */,
				46BDBF091DE3FA8100CD7963 /* MediumLabel.swift in Sources */,
				46BDBEEF1DE3F9C700CD7963 /* ViewController.swift in Sources */,
				46BDBF071DE3FA7400CD7963 /* LargeLabel.swift in Sources */,
				46BDBF0B1DE3FA8C00CD7963 /* SmallLabel.swift in Sources */,
				46B0F70B1DE42D8100BEB69F /* LinkButton.swift in Sources */,
				46BDBEED1DE3F9C700CD7963 /* AppDelegate.swift in Sources */,
				46B0F7091DE42D6500BEB69F /* NegativeButton.swift in Sources */,
			);
			runOnlyForDeploymentPostprocessing = 0;
		};
/* End PBXSourcesBuildPhase section */

/* Begin PBXTargetDependency section */
		466B8D1A1DE4090700996557 /* PBXTargetDependency */ = {
			isa = PBXTargetDependency;
			target = 46BDBEA41DE3F25B00CD7963 /* Nori */;
			targetProxy = 466B8D191DE4090700996557 /* PBXContainerItemProxy */;
		};
		46B0F7171DE431F900BEB69F /* PBXTargetDependency */ = {
			isa = PBXTargetDependency;
			target = 46BDBEA41DE3F25B00CD7963 /* Nori */;
			targetProxy = 46B0F7161DE431F900BEB69F /* PBXContainerItemProxy */;
		};
/* End PBXTargetDependency section */

/* Begin PBXVariantGroup section */
		46BDBEF01DE3F9C700CD7963 /* Main.storyboard */ = {
			isa = PBXVariantGroup;
			children = (
				46BDBEF11DE3F9C700CD7963 /* Base */,
			);
			name = Main.storyboard;
			sourceTree = "<group>";
		};
		46BDBEF51DE3F9C700CD7963 /* LaunchScreen.storyboard */ = {
			isa = PBXVariantGroup;
			children = (
				46BDBEF61DE3F9C700CD7963 /* Base */,
			);
			name = LaunchScreen.storyboard;
			sourceTree = "<group>";
		};
/* End PBXVariantGroup section */

/* Begin XCBuildConfiguration section */
		46B0F7191DE431F900BEB69F /* Debug */ = {
			isa = XCBuildConfiguration;
			buildSettings = {
				DEVELOPMENT_TEAM = NRUDQDRGJZ;
				INFOPLIST_FILE = NoriTests/Info.plist;
				LD_RUNPATH_SEARCH_PATHS = "$(inherited) @executable_path/Frameworks @loader_path/Frameworks";
				PRODUCT_BUNDLE_IDENTIFIER = com.yukiasai.NoriTests;
				PRODUCT_NAME = "$(TARGET_NAME)";
				SWIFT_VERSION = 3.0;
			};
			name = Debug;
		};
		46B0F71A1DE431F900BEB69F /* Release */ = {
			isa = XCBuildConfiguration;
			buildSettings = {
				DEVELOPMENT_TEAM = NRUDQDRGJZ;
				INFOPLIST_FILE = NoriTests/Info.plist;
				LD_RUNPATH_SEARCH_PATHS = "$(inherited) @executable_path/Frameworks @loader_path/Frameworks";
				PRODUCT_BUNDLE_IDENTIFIER = com.yukiasai.NoriTests;
				PRODUCT_NAME = "$(TARGET_NAME)";
				SWIFT_VERSION = 3.0;
			};
			name = Release;
		};
		46BDBEAB1DE3F25B00CD7963 /* Debug */ = {
			isa = XCBuildConfiguration;
			buildSettings = {
				ALWAYS_SEARCH_USER_PATHS = NO;
				CLANG_ANALYZER_NONNULL = YES;
				CLANG_CXX_LANGUAGE_STANDARD = "gnu++0x";
				CLANG_CXX_LIBRARY = "libc++";
				CLANG_ENABLE_MODULES = YES;
				CLANG_ENABLE_OBJC_ARC = YES;
				CLANG_WARN_BOOL_CONVERSION = YES;
				CLANG_WARN_CONSTANT_CONVERSION = YES;
				CLANG_WARN_DIRECT_OBJC_ISA_USAGE = YES_ERROR;
				CLANG_WARN_DOCUMENTATION_COMMENTS = YES;
				CLANG_WARN_EMPTY_BODY = YES;
				CLANG_WARN_ENUM_CONVERSION = YES;
				CLANG_WARN_INFINITE_RECURSION = YES;
				CLANG_WARN_INT_CONVERSION = YES;
				CLANG_WARN_OBJC_ROOT_CLASS = YES_ERROR;
				CLANG_WARN_SUSPICIOUS_MOVES = YES;
				CLANG_WARN_UNREACHABLE_CODE = YES;
				CLANG_WARN__DUPLICATE_METHOD_MATCH = YES;
				"CODE_SIGN_IDENTITY[sdk=iphoneos*]" = "iPhone Developer";
				COPY_PHASE_STRIP = NO;
				CURRENT_PROJECT_VERSION = 1;
				DEBUG_INFORMATION_FORMAT = dwarf;
				ENABLE_STRICT_OBJC_MSGSEND = YES;
				ENABLE_TESTABILITY = YES;
				GCC_C_LANGUAGE_STANDARD = gnu99;
				GCC_DYNAMIC_NO_PIC = NO;
				GCC_NO_COMMON_BLOCKS = YES;
				GCC_OPTIMIZATION_LEVEL = 0;
				GCC_PREPROCESSOR_DEFINITIONS = (
					"DEBUG=1",
					"$(inherited)",
				);
				GCC_WARN_64_TO_32_BIT_CONVERSION = YES;
				GCC_WARN_ABOUT_RETURN_TYPE = YES_ERROR;
				GCC_WARN_UNDECLARED_SELECTOR = YES;
				GCC_WARN_UNINITIALIZED_AUTOS = YES_AGGRESSIVE;
				GCC_WARN_UNUSED_FUNCTION = YES;
				GCC_WARN_UNUSED_VARIABLE = YES;
				IPHONEOS_DEPLOYMENT_TARGET = 10.1;
				MTL_ENABLE_DEBUG_INFO = YES;
				ONLY_ACTIVE_ARCH = YES;
				SDKROOT = iphoneos;
				SWIFT_ACTIVE_COMPILATION_CONDITIONS = DEBUG;
				SWIFT_OPTIMIZATION_LEVEL = "-Onone";
				TARGETED_DEVICE_FAMILY = "1,2";
				VERSIONING_SYSTEM = "apple-generic";
				VERSION_INFO_PREFIX = "";
			};
			name = Debug;
		};
		46BDBEAC1DE3F25B00CD7963 /* Release */ = {
			isa = XCBuildConfiguration;
			buildSettings = {
				ALWAYS_SEARCH_USER_PATHS = NO;
				CLANG_ANALYZER_NONNULL = YES;
				CLANG_CXX_LANGUAGE_STANDARD = "gnu++0x";
				CLANG_CXX_LIBRARY = "libc++";
				CLANG_ENABLE_MODULES = YES;
				CLANG_ENABLE_OBJC_ARC = YES;
				CLANG_WARN_BOOL_CONVERSION = YES;
				CLANG_WARN_CONSTANT_CONVERSION = YES;
				CLANG_WARN_DIRECT_OBJC_ISA_USAGE = YES_ERROR;
				CLANG_WARN_DOCUMENTATION_COMMENTS = YES;
				CLANG_WARN_EMPTY_BODY = YES;
				CLANG_WARN_ENUM_CONVERSION = YES;
				CLANG_WARN_INFINITE_RECURSION = YES;
				CLANG_WARN_INT_CONVERSION = YES;
				CLANG_WARN_OBJC_ROOT_CLASS = YES_ERROR;
				CLANG_WARN_SUSPICIOUS_MOVES = YES;
				CLANG_WARN_UNREACHABLE_CODE = YES;
				CLANG_WARN__DUPLICATE_METHOD_MATCH = YES;
				"CODE_SIGN_IDENTITY[sdk=iphoneos*]" = "iPhone Developer";
				COPY_PHASE_STRIP = NO;
				CURRENT_PROJECT_VERSION = 1;
				DEBUG_INFORMATION_FORMAT = "dwarf-with-dsym";
				ENABLE_NS_ASSERTIONS = NO;
				ENABLE_STRICT_OBJC_MSGSEND = YES;
				GCC_C_LANGUAGE_STANDARD = gnu99;
				GCC_NO_COMMON_BLOCKS = YES;
				GCC_WARN_64_TO_32_BIT_CONVERSION = YES;
				GCC_WARN_ABOUT_RETURN_TYPE = YES_ERROR;
				GCC_WARN_UNDECLARED_SELECTOR = YES;
				GCC_WARN_UNINITIALIZED_AUTOS = YES_AGGRESSIVE;
				GCC_WARN_UNUSED_FUNCTION = YES;
				GCC_WARN_UNUSED_VARIABLE = YES;
				IPHONEOS_DEPLOYMENT_TARGET = 10.1;
				MTL_ENABLE_DEBUG_INFO = NO;
				SDKROOT = iphoneos;
				SWIFT_OPTIMIZATION_LEVEL = "-Owholemodule";
				TARGETED_DEVICE_FAMILY = "1,2";
				VALIDATE_PRODUCT = YES;
				VERSIONING_SYSTEM = "apple-generic";
				VERSION_INFO_PREFIX = "";
			};
			name = Release;
		};
		46BDBEAE1DE3F25B00CD7963 /* Debug */ = {
			isa = XCBuildConfiguration;
			buildSettings = {
				CLANG_ENABLE_MODULES = YES;
				CODE_SIGN_IDENTITY = "";
				DEFINES_MODULE = YES;
				DEVELOPMENT_TEAM = NRUDQDRGJZ;
				DYLIB_COMPATIBILITY_VERSION = 1;
				DYLIB_CURRENT_VERSION = 1;
				DYLIB_INSTALL_NAME_BASE = "@rpath";
				INFOPLIST_FILE = Nori/Info.plist;
				INSTALL_PATH = "$(LOCAL_LIBRARY_DIR)/Frameworks";
				LD_RUNPATH_SEARCH_PATHS = "$(inherited) @executable_path/Frameworks @loader_path/Frameworks";
				PRODUCT_BUNDLE_IDENTIFIER = com.yukiasai.Nori;
				PRODUCT_NAME = "$(TARGET_NAME)";
				SKIP_INSTALL = YES;
				SWIFT_OPTIMIZATION_LEVEL = "-Onone";
				SWIFT_VERSION = 3.0;
			};
			name = Debug;
		};
		46BDBEAF1DE3F25B00CD7963 /* Release */ = {
			isa = XCBuildConfiguration;
			buildSettings = {
				CLANG_ENABLE_MODULES = YES;
				CODE_SIGN_IDENTITY = "";
				DEFINES_MODULE = YES;
				DEVELOPMENT_TEAM = NRUDQDRGJZ;
				DYLIB_COMPATIBILITY_VERSION = 1;
				DYLIB_CURRENT_VERSION = 1;
				DYLIB_INSTALL_NAME_BASE = "@rpath";
				INFOPLIST_FILE = Nori/Info.plist;
				INSTALL_PATH = "$(LOCAL_LIBRARY_DIR)/Frameworks";
				LD_RUNPATH_SEARCH_PATHS = "$(inherited) @executable_path/Frameworks @loader_path/Frameworks";
				PRODUCT_BUNDLE_IDENTIFIER = com.yukiasai.Nori;
				PRODUCT_NAME = "$(TARGET_NAME)";
				SKIP_INSTALL = YES;
				SWIFT_VERSION = 3.0;
			};
			name = Release;
		};
		46BDBEFA1DE3F9C700CD7963 /* Debug */ = {
			isa = XCBuildConfiguration;
			buildSettings = {
				ASSETCATALOG_COMPILER_APPICON_NAME = AppIcon;
				DEVELOPMENT_TEAM = NRUDQDRGJZ;
				INFOPLIST_FILE = NoriExample/Info.plist;
				LD_RUNPATH_SEARCH_PATHS = "$(inherited) @executable_path/Frameworks";
				PRODUCT_BUNDLE_IDENTIFIER = com.yukiasai.NoriExample;
				PRODUCT_NAME = "$(TARGET_NAME)";
				SWIFT_VERSION = 3.0;
			};
			name = Debug;
		};
		46BDBEFB1DE3F9C700CD7963 /* Release */ = {
			isa = XCBuildConfiguration;
			buildSettings = {
				ASSETCATALOG_COMPILER_APPICON_NAME = AppIcon;
				DEVELOPMENT_TEAM = NRUDQDRGJZ;
				INFOPLIST_FILE = NoriExample/Info.plist;
				LD_RUNPATH_SEARCH_PATHS = "$(inherited) @executable_path/Frameworks";
				PRODUCT_BUNDLE_IDENTIFIER = com.yukiasai.NoriExample;
				PRODUCT_NAME = "$(TARGET_NAME)";
				SWIFT_VERSION = 3.0;
			};
			name = Release;
		};
/* End XCBuildConfiguration section */

/* Begin XCConfigurationList section */
		46B0F7181DE431F900BEB69F /* Build configuration list for PBXNativeTarget "NoriTests" */ = {
			isa = XCConfigurationList;
			buildConfigurations = (
				46B0F7191DE431F900BEB69F /* Debug */,
				46B0F71A1DE431F900BEB69F /* Release */,
			);
			defaultConfigurationIsVisible = 0;
			defaultConfigurationName = Release;
		};
		46BDBE9F1DE3F25B00CD7963 /* Build configuration list for PBXProject "Nori" */ = {
			isa = XCConfigurationList;
			buildConfigurations = (
				46BDBEAB1DE3F25B00CD7963 /* Debug */,
				46BDBEAC1DE3F25B00CD7963 /* Release */,
			);
			defaultConfigurationIsVisible = 0;
			defaultConfigurationName = Release;
		};
		46BDBEAD1DE3F25B00CD7963 /* Build configuration list for PBXNativeTarget "Nori" */ = {
			isa = XCConfigurationList;
			buildConfigurations = (
				46BDBEAE1DE3F25B00CD7963 /* Debug */,
				46BDBEAF1DE3F25B00CD7963 /* Release */,
			);
			defaultConfigurationIsVisible = 0;
			defaultConfigurationName = Release;
		};
		46BDBEF91DE3F9C700CD7963 /* Build configuration list for PBXNativeTarget "NoriExample" */ = {
			isa = XCConfigurationList;
			buildConfigurations = (
				46BDBEFA1DE3F9C700CD7963 /* Debug */,
				46BDBEFB1DE3F9C700CD7963 /* Release */,
			);
			defaultConfigurationIsVisible = 0;
			defaultConfigurationName = Release;
		};
/* End XCConfigurationList section */
	};
	rootObject = 46BDBE9C1DE3F25B00CD7963 /* Project object */;
}
